
Microsoft Visual Studio Solution File, Format Version 12.00
# Visual Studio 2017
Project("{FAE04EC0-301F-11D3-BF4B-00C04F79EFBC}") = "laboratorio-6-carlosc-alexandert-master", "laboratorio-6-carlosc-alexandert-master.csproj", "{71EB37D8-A340-8CE1-4697-3813BEC10CAC}"
EndProject
Project("{FAE04EC0-301F-11D3-BF4B-00C04F79EFBC}") = "laboratorio-6-carlosc-alexandert-master.Editor", "laboratorio-6-carlosc-alexandert-master.Editor.csproj", "{C4B92351-228E-0AA1-FEF8-BE671539A885}"
EndProject
Global
	GlobalSection(SolutionConfigurationPlatforms) = preSolution
		Debug|Any CPU = Debug|Any CPU
		Release|Any CPU = Release|Any CPU
	EndGlobalSection
	GlobalSection(ProjectConfigurationPlatforms) = postSolution
		{71EB37D8-A340-8CE1-4697-3813BEC10CAC}.Debug|Any CPU.ActiveCfg = Debug|Any CPU
		{71EB37D8-A340-8CE1-4697-3813BEC10CAC}.Debug|Any CPU.Build.0 = Debug|Any CPU
		{71EB37D8-A340-8CE1-4697-3813BEC10CAC}.Release|Any CPU.ActiveCfg = Release|Any CPU
		{71EB37D8-A340-8CE1-4697-3813BEC10CAC}.Release|Any CPU.Build.0 = Release|Any CPU
		{C4B92351-228E-0AA1-FEF8-BE671539A885}.Debug|Any CPU.ActiveCfg = Debug|Any CPU
		{C4B92351-228E-0AA1-FEF8-BE671539A885}.Debug|Any CPU.Build.0 = Debug|Any CPU
		{C4B92351-228E-0AA1-FEF8-BE671539A885}.Release|Any CPU.ActiveCfg = Release|Any CPU
		{C4B92351-228E-0AA1-FEF8-BE671539A885}.Release|Any CPU.Build.0 = Release|Any CPU
	EndGlobalSection
	GlobalSection(SolutionProperties) = preSolution
		HideSolutionNode = FALSE
	EndGlobalSection
EndGlobal
